
Microsoft Visual Studio Solution File, Format Version 12.00
# Visual Studio Version 17
VisualStudioVersion = 17.4.33103.184
MinimumVisualStudioVersion = 10.0.40219.1
Project("{FAE04EC0-301F-11D3-BF4B-00C04F79EFBC}") = "SingleResponsibility", "SingleResponsibility\SingleResponsibility.csproj", "{23277B86-7162-4BA5-A364-B134373E883D}"
EndProject
Project("{FAE04EC0-301F-11D3-BF4B-00C04F79EFBC}") = "OpenClosed", "OpenClosed\OpenClosed.csproj", "{E878A9D8-D6B7-40E0-AC8C-2B3A31FDA866}"
EndProject
Project("{FAE04EC0-301F-11D3-BF4B-00C04F79EFBC}") = "LiskovSubstitution", "LiskovSubstitution\LiskovSubstitution.csproj", "{BD500308-6E3E-4A0C-AAF2-24DD3176BDA9}"
EndProject
Project("{9A19103F-16F7-4668-BE54-9A1E7A4F7556}") = "InterfaceSegregation", "InterfaceSegregation\InterfaceSegregation.csproj", "{D3AF9495-0AAF-4893-9251-FBDC65B3AF8E}"
EndProject
Project("{9A19103F-16F7-4668-BE54-9A1E7A4F7556}") = "DependencyInversion", "DependencyInversion\DependencyInversion.csproj", "{2BB08492-774A-4041-B398-A2391919F704}"
EndProject
Global
	GlobalSection(SolutionConfigurationPlatforms) = preSolution
		Debug|Any CPU = Debug|Any CPU
		Release|Any CPU = Release|Any CPU
	EndGlobalSection
	GlobalSection(ProjectConfigurationPlatforms) = postSolution
		{23277B86-7162-4BA5-A364-B134373E883D}.Debug|Any CPU.ActiveCfg = Debug|Any CPU
		{23277B86-7162-4BA5-A364-B134373E883D}.Debug|Any CPU.Build.0 = Debug|Any CPU
		{23277B86-7162-4BA5-A364-B134373E883D}.Release|Any CPU.ActiveCfg = Release|Any CPU
		{23277B86-7162-4BA5-A364-B134373E883D}.Release|Any CPU.Build.0 = Release|Any CPU
		{E878A9D8-D6B7-40E0-AC8C-2B3A31FDA866}.Debug|Any CPU.ActiveCfg = Debug|Any CPU
		{E878A9D8-D6B7-40E0-AC8C-2B3A31FDA866}.Debug|Any CPU.Build.0 = Debug|Any CPU
		{E878A9D8-D6B7-40E0-AC8C-2B3A31FDA866}.Release|Any CPU.ActiveCfg = Release|Any CPU
		{E878A9D8-D6B7-40E0-AC8C-2B3A31FDA866}.Release|Any CPU.Build.0 = Release|Any CPU
		{BD500308-6E3E-4A0C-AAF2-24DD3176BDA9}.Debug|Any CPU.ActiveCfg = Debug|Any CPU
		{BD500308-6E3E-4A0C-AAF2-24DD3176BDA9}.Debug|Any CPU.Build.0 = Debug|Any CPU
		{BD500308-6E3E-4A0C-AAF2-24DD3176BDA9}.Release|Any CPU.ActiveCfg = Release|Any CPU
		{BD500308-6E3E-4A0C-AAF2-24DD3176BDA9}.Release|Any CPU.Build.0 = Release|Any CPU
		{D3AF9495-0AAF-4893-9251-FBDC65B3AF8E}.Debug|Any CPU.ActiveCfg = Debug|Any CPU
		{D3AF9495-0AAF-4893-9251-FBDC65B3AF8E}.Debug|Any CPU.Build.0 = Debug|Any CPU
		{D3AF9495-0AAF-4893-9251-FBDC65B3AF8E}.Release|Any CPU.ActiveCfg = Release|Any CPU
		{D3AF9495-0AAF-4893-9251-FBDC65B3AF8E}.Release|Any CPU.Build.0 = Release|Any CPU
		{2BB08492-774A-4041-B398-A2391919F704}.Debug|Any CPU.ActiveCfg = Debug|Any CPU
		{2BB08492-774A-4041-B398-A2391919F704}.Debug|Any CPU.Build.0 = Debug|Any CPU
		{2BB08492-774A-4041-B398-A2391919F704}.Release|Any CPU.ActiveCfg = Release|Any CPU
		{2BB08492-774A-4041-B398-A2391919F704}.Release|Any CPU.Build.0 = Release|Any CPU
	EndGlobalSection
	GlobalSection(SolutionProperties) = preSolution
		HideSolutionNode = FALSE
	EndGlobalSection
	GlobalSection(ExtensibilityGlobals) = postSolution
		SolutionGuid = {AA2916C3-559C-49AA-B44E-95AD3BFF8000}
	EndGlobalSection
EndGlobal
